
Microsoft Visual Studio Solution File, Format Version 12.00
# Visual Studio Version 16
VisualStudioVersion = 16.0.31229.75
MinimumVisualStudioVersion = 10.0.40219.1
Project("{FAE04EC0-301F-11D3-BF4B-00C04F79EFBC}") = "ProcessEmailForBills", "ProcessEmailForBills.csproj", "{C652E99C-1853-4626-8E77-B2F60E3457D8}"
EndProject
Global
	GlobalSection(SolutionConfigurationPlatforms) = preSolution
		Debug|Any CPU = Debug|Any CPU
		Release|Any CPU = Release|Any CPU
	EndGlobalSection
	GlobalSection(ProjectConfigurationPlatforms) = postSolution
		{C652E99C-1853-4626-8E77-B2F60E3457D8}.Debug|Any CPU.ActiveCfg = Debug|Any CPU
		{C652E99C-1853-4626-8E77-B2F60E3457D8}.Debug|Any CPU.Build.0 = Debug|Any CPU
		{C652E99C-1853-4626-8E77-B2F60E3457D8}.Release|Any CPU.ActiveCfg = Release|Any CPU
		{C652E99C-1853-4626-8E77-B2F60E3457D8}.Release|Any CPU.Build.0 = Release|Any CPU
	EndGlobalSection
	GlobalSection(SolutionProperties) = preSolution
		HideSolutionNode = FALSE
	EndGlobalSection
	GlobalSection(ExtensibilityGlobals) = postSolution
		SolutionGuid = {608D427C-E146-492A-837A-0EC924D7913B}
	EndGlobalSection
EndGlobal
